# generated by rye
# use `rye lock` or `rye sync` to update this lockfile
#
# last locked with the following flags:
#   pre: false
#   features: []
#   all-features: false
#   with-sources: false
#   generate-hashes: false
#   universal: false

-e file:.
contourpy==1.3.1
    # via matplotlib
cupy-cuda11x==13.4.1
    # via deeplearning
cycler==0.12.1
    # via matplotlib
fastrlock==0.8.3
    # via cupy-cuda11x
filelock==3.13.1
    # via torch
fonttools==4.57.0
    # via matplotlib
fsspec==2024.6.1
    # via torch
jinja2==3.1.4
    # via torch
kiwisolver==1.4.8
    # via matplotlib
markupsafe==2.1.5
    # via jinja2
matplotlib==3.10.1
    # via deeplearning
mpmath==1.3.0
    # via sympy
networkx==3.3
    # via torch
numpy==2.1.2
    # via contourpy
    # via cupy-cuda11x
    # via matplotlib
    # via scipy
    # via torchvision
packaging==24.1
    # via matplotlib
pillow==11.0.0
    # via matplotlib
    # via torchvision
psutil==7.0.0
    # via deeplearning
pyparsing==3.2.3
    # via matplotlib
python-dateutil==2.9.0.post0
    # via matplotlib
scipy==1.15.2
    # via deeplearning
setuptools==70.2.0
    # via torch
six==1.17.0
    # via python-dateutil
sympy==1.13.1
    # via torch
torch==2.6.0+cu118
    # via deeplearning
    # via torchaudio
    # via torchvision
torchaudio==2.6.0+cu118
    # via deeplearning
torchinfo==1.8.0
    # via deeplearning
torchvision==0.21.0+cu118
    # via deeplearning
typing-extensions==4.12.2
    # via torch
